{
  "lockfile-version": 1,
  "manifest": {
    "version": 1,
    "install": {
      "fluxcd": {
        "pkg-path": "fluxcd"
      },
      "kpt": {
        "pkg-path": "kpt"
      },
      "kustomize": {
        "pkg-path": "kustomize"
      }
    },
    "hook": {},
    "profile": {},
    "options": {
      "systems": [
        "aarch64-darwin",
        "aarch64-linux",
        "x86_64-darwin",
        "x86_64-linux"
      ],
      "allow": {
        "licenses": []
      },
      "semver": {}
    }
  },
  "packages": [
    {
      "attr_path": "fluxcd",
      "broken": false,
      "derivation": "/nix/store/m5r3syhhfhpjg4ffx9nlhphp97983gj0-fluxcd-2.4.0.drv",
      "description": "Open and extensible continuous delivery solution for Kubernetes",
      "install_id": "fluxcd",
      "license": "Apache-2.0",
      "locked_url": "https://github.com/flox/nixpkgs?rev=0196c0175e9191c474c26ab5548db27ef5d34b05",
      "name": "fluxcd-2.4.0",
      "pname": "fluxcd",
      "rev": "0196c0175e9191c474c26ab5548db27ef5d34b05",
      "rev_count": 758135,
      "rev_date": "2025-02-24T03:24:50Z",
      "scrape_date": "2025-02-25T02:25:54Z",
      "stabilities": [
        "unstable"
      ],
      "unfree": false,
      "version": "2.4.0",
      "outputs_to_install": [
        "out"
      ],
      "outputs": {
        "out": "/nix/store/4126cc2zh94r8jdqav27fdb2wcm70qi6-fluxcd-2.4.0"
      },
      "system": "aarch64-darwin",
      "group": "toplevel",
      "priority": 5
    },
    {
      "attr_path": "fluxcd",
      "broken": false,
      "derivation": "/nix/store/9f2hnr5fcdh53q93rljch8idid1gbp9n-fluxcd-2.4.0.drv",
      "description": "Open and extensible continuous delivery solution for Kubernetes",
      "install_id": "fluxcd",
      "license": "Apache-2.0",
      "locked_url": "https://github.com/flox/nixpkgs?rev=0196c0175e9191c474c26ab5548db27ef5d34b05",
      "name": "fluxcd-2.4.0",
      "pname": "fluxcd",
      "rev": "0196c0175e9191c474c26ab5548db27ef5d34b05",
      "rev_count": 758135,
      "rev_date": "2025-02-24T03:24:50Z",
      "scrape_date": "2025-02-25T02:25:54Z",
      "stabilities": [
        "unstable"
      ],
      "unfree": false,
      "version": "2.4.0",
      "outputs_to_install": [
        "out"
      ],
      "outputs": {
        "out": "/nix/store/3rwhgf4ybjp45yxppbcj73kd34hwh82p-fluxcd-2.4.0"
      },
      "system": "aarch64-linux",
      "group": "toplevel",
      "priority": 5
    },
    {
      "attr_path": "fluxcd",
      "broken": false,
      "derivation": "/nix/store/k846hap02ks5w7llqazwrrwrwk8ikgpi-fluxcd-2.4.0.drv",
      "description": "Open and extensible continuous delivery solution for Kubernetes",
      "install_id": "fluxcd",
      "license": "Apache-2.0",
      "locked_url": "https://github.com/flox/nixpkgs?rev=0196c0175e9191c474c26ab5548db27ef5d34b05",
      "name": "fluxcd-2.4.0",
      "pname": "fluxcd",
      "rev": "0196c0175e9191c474c26ab5548db27ef5d34b05",
      "rev_count": 758135,
      "rev_date": "2025-02-24T03:24:50Z",
      "scrape_date": "2025-02-25T02:25:54Z",
      "stabilities": [
        "unstable"
      ],
      "unfree": false,
      "version": "2.4.0",
      "outputs_to_install": [
        "out"
      ],
      "outputs": {
        "out": "/nix/store/d26ffyc9f3dd48c7kihf28ffgkx06il8-fluxcd-2.4.0"
      },
      "system": "x86_64-darwin",
      "group": "toplevel",
      "priority": 5
    },
    {
      "attr_path": "fluxcd",
      "broken": false,
      "derivation": "/nix/store/ahn22s99dmhjwkccsswz93p3azrdk1m9-fluxcd-2.4.0.drv",
      "description": "Open and extensible continuous delivery solution for Kubernetes",
      "install_id": "fluxcd",
      "license": "Apache-2.0",
      "locked_url": "https://github.com/flox/nixpkgs?rev=0196c0175e9191c474c26ab5548db27ef5d34b05",
      "name": "fluxcd-2.4.0",
      "pname": "fluxcd",
      "rev": "0196c0175e9191c474c26ab5548db27ef5d34b05",
      "rev_count": 758135,
      "rev_date": "2025-02-24T03:24:50Z",
      "scrape_date": "2025-02-25T02:25:54Z",
      "stabilities": [
        "unstable"
      ],
      "unfree": false,
      "version": "2.4.0",
      "outputs_to_install": [
        "out"
      ],
      "outputs": {
        "out": "/nix/store/igflkykxy2mkib6snqy6d24fs303lrgb-fluxcd-2.4.0"
      },
      "system": "x86_64-linux",
      "group": "toplevel",
      "priority": 5
    },
    {
      "attr_path": "kpt",
      "broken": false,
      "derivation": "/nix/store/74s93dmrvlz2s9pwph3zdg83bcvgfvfb-kpt-1.0.0-beta.55.drv",
      "description": "Automate Kubernetes Configuration Editing",
      "install_id": "kpt",
      "license": "Apache-2.0",
      "locked_url": "https://github.com/flox/nixpkgs?rev=0196c0175e9191c474c26ab5548db27ef5d34b05",
      "name": "kpt-1.0.0-beta.55",
      "pname": "kpt",
      "rev": "0196c0175e9191c474c26ab5548db27ef5d34b05",
      "rev_count": 758135,
      "rev_date": "2025-02-24T03:24:50Z",
      "scrape_date": "2025-02-25T02:25:54Z",
      "stabilities": [
        "unstable"
      ],
      "unfree": false,
      "version": "1.0.0-beta.55",
      "outputs_to_install": [
        "out"
      ],
      "outputs": {
        "out": "/nix/store/2pv42p2pm9b8gcvd368xlqqqm2i5k4ax-kpt-1.0.0-beta.55"
      },
      "system": "aarch64-darwin",
      "group": "toplevel",
      "priority": 5
    },
    {
      "attr_path": "kpt",
      "broken": false,
      "derivation": "/nix/store/11ycsla13b8i2fmljd4mgx6winblc5wa-kpt-1.0.0-beta.55.drv",
      "description": "Automate Kubernetes Configuration Editing",
      "install_id": "kpt",
      "license": "Apache-2.0",
      "locked_url": "https://github.com/flox/nixpkgs?rev=0196c0175e9191c474c26ab5548db27ef5d34b05",
      "name": "kpt-1.0.0-beta.55",
      "pname": "kpt",
      "rev": "0196c0175e9191c474c26ab5548db27ef5d34b05",
      "rev_count": 758135,
      "rev_date": "2025-02-24T03:24:50Z",
      "scrape_date": "2025-02-25T02:25:54Z",
      "stabilities": [
        "unstable"
      ],
      "unfree": false,
      "version": "1.0.0-beta.55",
      "outputs_to_install": [
        "out"
      ],
      "outputs": {
        "out": "/nix/store/7cgn9r05viv8zfkyb6hqdp332lspxp31-kpt-1.0.0-beta.55"
      },
      "system": "aarch64-linux",
      "group": "toplevel",
      "priority": 5
    },
    {
      "attr_path": "kpt",
      "broken": false,
      "derivation": "/nix/store/70cn2ajk87mkpd5sjhk2dq63nv7ixnv3-kpt-1.0.0-beta.55.drv",
      "description": "Automate Kubernetes Configuration Editing",
      "install_id": "kpt",
      "license": "Apache-2.0",
      "locked_url": "https://github.com/flox/nixpkgs?rev=0196c0175e9191c474c26ab5548db27ef5d34b05",
      "name": "kpt-1.0.0-beta.55",
      "pname": "kpt",
      "rev": "0196c0175e9191c474c26ab5548db27ef5d34b05",
      "rev_count": 758135,
      "rev_date": "2025-02-24T03:24:50Z",
      "scrape_date": "2025-02-25T02:25:54Z",
      "stabilities": [
        "unstable"
      ],
      "unfree": false,
      "version": "1.0.0-beta.55",
      "outputs_to_install": [
        "out"
      ],
      "outputs": {
        "out": "/nix/store/cypg1l7bdm2sr3iap8kaabw8hcxgb1w1-kpt-1.0.0-beta.55"
      },
      "system": "x86_64-darwin",
      "group": "toplevel",
      "priority": 5
    },
    {
      "attr_path": "kpt",
      "broken": false,
      "derivation": "/nix/store/jfn47vy7av4ff8s9yfmdiiargccw5jmq-kpt-1.0.0-beta.55.drv",
      "description": "Automate Kubernetes Configuration Editing",
      "install_id": "kpt",
      "license": "Apache-2.0",
      "locked_url": "https://github.com/flox/nixpkgs?rev=0196c0175e9191c474c26ab5548db27ef5d34b05",
      "name": "kpt-1.0.0-beta.55",
      "pname": "kpt",
      "rev": "0196c0175e9191c474c26ab5548db27ef5d34b05",
      "rev_count": 758135,
      "rev_date": "2025-02-24T03:24:50Z",
      "scrape_date": "2025-02-25T02:25:54Z",
      "stabilities": [
        "unstable"
      ],
      "unfree": false,
      "version": "1.0.0-beta.55",
      "outputs_to_install": [
        "out"
      ],
      "outputs": {
        "out": "/nix/store/cclizj7gfi2blri58xiagp3wn70nd4bm-kpt-1.0.0-beta.55"
      },
      "system": "x86_64-linux",
      "group": "toplevel",
      "priority": 5
    },
    {
      "attr_path": "kustomize",
      "broken": false,
      "derivation": "/nix/store/jqrbm9n64a54ram2chdlyk8fzzzfbxzg-kustomize-5.6.0.drv",
      "description": "Customization of kubernetes YAML configurations",
      "install_id": "kustomize",
      "license": "Apache-2.0",
      "locked_url": "https://github.com/flox/nixpkgs?rev=0196c0175e9191c474c26ab5548db27ef5d34b05",
      "name": "kustomize-5.6.0",
      "pname": "kustomize",
      "rev": "0196c0175e9191c474c26ab5548db27ef5d34b05",
      "rev_count": 758135,
      "rev_date": "2025-02-24T03:24:50Z",
      "scrape_date": "2025-02-25T02:25:54Z",
      "stabilities": [
        "unstable"
      ],
      "unfree": false,
      "version": "5.6.0",
      "outputs_to_install": [
        "out"
      ],
      "outputs": {
        "out": "/nix/store/y85spf2nmlffzmq9lyzl8db7i0acdsqf-kustomize-5.6.0"
      },
      "system": "aarch64-darwin",
      "group": "toplevel",
      "priority": 5
    },
    {
      "attr_path": "kustomize",
      "broken": false,
      "derivation": "/nix/store/xbb0r40l1a8317qqdvapa28y2ags753q-kustomize-5.6.0.drv",
      "description": "Customization of kubernetes YAML configurations",
      "install_id": "kustomize",
      "license": "Apache-2.0",
      "locked_url": "https://github.com/flox/nixpkgs?rev=0196c0175e9191c474c26ab5548db27ef5d34b05",
      "name": "kustomize-5.6.0",
      "pname": "kustomize",
      "rev": "0196c0175e9191c474c26ab5548db27ef5d34b05",
      "rev_count": 758135,
      "rev_date": "2025-02-24T03:24:50Z",
      "scrape_date": "2025-02-25T02:25:54Z",
      "stabilities": [
        "unstable"
      ],
      "unfree": false,
      "version": "5.6.0",
      "outputs_to_install": [
        "out"
      ],
      "outputs": {
        "out": "/nix/store/pwnmchq4bafvkbb84m62m8vqp9dqgaz8-kustomize-5.6.0"
      },
      "system": "aarch64-linux",
      "group": "toplevel",
      "priority": 5
    },
    {
      "attr_path": "kustomize",
      "broken": false,
      "derivation": "/nix/store/r1anwrwjprps7jwspfnkdab2i0svfgqv-kustomize-5.6.0.drv",
      "description": "Customization of kubernetes YAML configurations",
      "install_id": "kustomize",
      "license": "Apache-2.0",
      "locked_url": "https://github.com/flox/nixpkgs?rev=0196c0175e9191c474c26ab5548db27ef5d34b05",
      "name": "kustomize-5.6.0",
      "pname": "kustomize",
      "rev": "0196c0175e9191c474c26ab5548db27ef5d34b05",
      "rev_count": 758135,
      "rev_date": "2025-02-24T03:24:50Z",
      "scrape_date": "2025-02-25T02:25:54Z",
      "stabilities": [
        "unstable"
      ],
      "unfree": false,
      "version": "5.6.0",
      "outputs_to_install": [
        "out"
      ],
      "outputs": {
        "out": "/nix/store/hrlykqw1jcl2ykzida4amf2s5sjhdsng-kustomize-5.6.0"
      },
      "system": "x86_64-darwin",
      "group": "toplevel",
      "priority": 5
    },
    {
      "attr_path": "kustomize",
      "broken": false,
      "derivation": "/nix/store/libzkzx7qf5z5kgpdxnqyrdg6qhdpj8k-kustomize-5.6.0.drv",
      "description": "Customization of kubernetes YAML configurations",
      "install_id": "kustomize",
      "license": "Apache-2.0",
      "locked_url": "https://github.com/flox/nixpkgs?rev=0196c0175e9191c474c26ab5548db27ef5d34b05",
      "name": "kustomize-5.6.0",
      "pname": "kustomize",
      "rev": "0196c0175e9191c474c26ab5548db27ef5d34b05",
      "rev_count": 758135,
      "rev_date": "2025-02-24T03:24:50Z",
      "scrape_date": "2025-02-25T02:25:54Z",
      "stabilities": [
        "unstable"
      ],
      "unfree": false,
      "version": "5.6.0",
      "outputs_to_install": [
        "out"
      ],
      "outputs": {
        "out": "/nix/store/qnm1vq7qfs5ib1c8cn6n4pb9i9z7ikn5-kustomize-5.6.0"
      },
      "system": "x86_64-linux",
      "group": "toplevel",
      "priority": 5
    }
  ]
}